{
  "name": "javascriptbangkok-cypress",
  "version": "0.1.0",
  "lockfileVersion": 1,
  "requires": true,
  "dependencies": {
    "cypress-wait-until": {
      "version": "1.6.1",
      "resolved": "https://registry.npmjs.org/cypress-wait-until/-/cypress-wait-until-1.6.1.tgz",
      "integrity": "sha512-bI4p9Pou6EoIU0v9RyjPOoKH6aiNXg1TIVXyGmlpjcOhdIbg1OVSs3fmMQLxnQAm6xVY4rLWWQg3gbIzuToxTw=="
    }
  }
}
